
Microsoft Visual Studio Solution File, Format Version 12.00
# Visual Studio Version 17
VisualStudioVersion = 17.0.31717.71
MinimumVisualStudioVersion = 10.0.40219.1
Project("{9A19103F-16F7-4668-BE54-9A1E7A4F7556}") = "Tapanga.Core", "Tapanga.Core\Tapanga.Core.csproj", "{D3057DDE-5158-40FC-85DF-C6C13CA59D79}"
EndProject
Project("{9A19103F-16F7-4668-BE54-9A1E7A4F7556}") = "Tapanga.Plugin", "Tapanga.Plugin\Tapanga.Plugin.csproj", "{BD132F80-A70C-41D2-9C6F-C91509BC63BC}"
EndProject
Project("{9A19103F-16F7-4668-BE54-9A1E7A4F7556}") = "Tapanga.CommandLine", "Tapanga.CommandLine\Tapanga.CommandLine.csproj", "{21EE6185-E535-476E-B537-DBB444002C36}"
EndProject
Project("{FAE04EC0-301F-11D3-BF4B-00C04F79EFBC}") = "Tapanga.Plugin.Sample", "Tapanga.Plugin.Sample\Tapanga.Plugin.Sample.csproj", "{6E32010E-78FC-40AE-BC28-C8B1EADDA00B}"
EndProject
Global
	GlobalSection(SolutionConfigurationPlatforms) = preSolution
		Debug|Any CPU = Debug|Any CPU
		Release|Any CPU = Release|Any CPU
		ReleaseLocal|Any CPU = ReleaseLocal|Any CPU
	EndGlobalSection
	GlobalSection(ProjectConfigurationPlatforms) = postSolution
		{D3057DDE-5158-40FC-85DF-C6C13CA59D79}.Debug|Any CPU.ActiveCfg = Debug|Any CPU
		{D3057DDE-5158-40FC-85DF-C6C13CA59D79}.Debug|Any CPU.Build.0 = Debug|Any CPU
		{D3057DDE-5158-40FC-85DF-C6C13CA59D79}.Release|Any CPU.ActiveCfg = Release|Any CPU
		{D3057DDE-5158-40FC-85DF-C6C13CA59D79}.Release|Any CPU.Build.0 = Release|Any CPU
		{D3057DDE-5158-40FC-85DF-C6C13CA59D79}.ReleaseLocal|Any CPU.ActiveCfg = ReleaseLocal|Any CPU
		{D3057DDE-5158-40FC-85DF-C6C13CA59D79}.ReleaseLocal|Any CPU.Build.0 = ReleaseLocal|Any CPU
		{BD132F80-A70C-41D2-9C6F-C91509BC63BC}.Debug|Any CPU.ActiveCfg = Debug|Any CPU
		{BD132F80-A70C-41D2-9C6F-C91509BC63BC}.Debug|Any CPU.Build.0 = Debug|Any CPU
		{BD132F80-A70C-41D2-9C6F-C91509BC63BC}.Release|Any CPU.ActiveCfg = Release|Any CPU
		{BD132F80-A70C-41D2-9C6F-C91509BC63BC}.Release|Any CPU.Build.0 = Release|Any CPU
		{BD132F80-A70C-41D2-9C6F-C91509BC63BC}.ReleaseLocal|Any CPU.ActiveCfg = ReleaseLocal|Any CPU
		{BD132F80-A70C-41D2-9C6F-C91509BC63BC}.ReleaseLocal|Any CPU.Build.0 = ReleaseLocal|Any CPU
		{21EE6185-E535-476E-B537-DBB444002C36}.Debug|Any CPU.ActiveCfg = Debug|Any CPU
		{21EE6185-E535-476E-B537-DBB444002C36}.Debug|Any CPU.Build.0 = Debug|Any CPU
		{21EE6185-E535-476E-B537-DBB444002C36}.Release|Any CPU.ActiveCfg = Release|Any CPU
		{21EE6185-E535-476E-B537-DBB444002C36}.Release|Any CPU.Build.0 = Release|Any CPU
		{21EE6185-E535-476E-B537-DBB444002C36}.ReleaseLocal|Any CPU.ActiveCfg = ReleaseLocal|Any CPU
		{21EE6185-E535-476E-B537-DBB444002C36}.ReleaseLocal|Any CPU.Build.0 = ReleaseLocal|Any CPU
		{6E32010E-78FC-40AE-BC28-C8B1EADDA00B}.Debug|Any CPU.ActiveCfg = Debug|Any CPU
		{6E32010E-78FC-40AE-BC28-C8B1EADDA00B}.Debug|Any CPU.Build.0 = Debug|Any CPU
		{6E32010E-78FC-40AE-BC28-C8B1EADDA00B}.Release|Any CPU.ActiveCfg = Release|Any CPU
		{6E32010E-78FC-40AE-BC28-C8B1EADDA00B}.Release|Any CPU.Build.0 = Release|Any CPU
		{6E32010E-78FC-40AE-BC28-C8B1EADDA00B}.ReleaseLocal|Any CPU.ActiveCfg = Release|Any CPU
		{6E32010E-78FC-40AE-BC28-C8B1EADDA00B}.ReleaseLocal|Any CPU.Build.0 = Release|Any CPU
	EndGlobalSection
	GlobalSection(SolutionProperties) = preSolution
		HideSolutionNode = FALSE
	EndGlobalSection
	GlobalSection(ExtensibilityGlobals) = postSolution
		SolutionGuid = {FC54112C-A972-461F-A2E4-6C955F065DC3}
	EndGlobalSection
EndGlobal
