
Microsoft Visual Studio Solution File, Format Version 12.00
# Visual Studio Version 17
VisualStudioVersion = 17.0.31717.71
MinimumVisualStudioVersion = 10.0.40219.1
Project("{9A19103F-16F7-4668-BE54-9A1E7A4F7556}") = "Tapanga.Core", "Tapanga.Core\Tapanga.Core.csproj", "{D3057DDE-5158-40FC-85DF-C6C13CA59D79}"
EndProject
Project("{9A19103F-16F7-4668-BE54-9A1E7A4F7556}") = "Tapanga.Plugin", "Tapanga.Plugin\Tapanga.Plugin.csproj", "{BD132F80-A70C-41D2-9C6F-C91509BC63BC}"
EndProject
Project("{2150E333-8FDC-42A3-9474-1A3956D46DE8}") = "Solution Items", "Solution Items", "{B5513F66-93EA-4B68-8FCC-9246F154A5CC}"
	ProjectSection(SolutionItems) = preProject
		.github\workflows\dotnet.yml = .github\workflows\dotnet.yml
		README.md = README.md
		.github\workflows\release.yml = .github\workflows\release.yml
		version.json = version.json
	EndProjectSection
EndProject
Project("{9A19103F-16F7-4668-BE54-9A1E7A4F7556}") = "Tapanga.Core.Generators", "Tapanga.Core.Generators\Tapanga.Core.Generators.csproj", "{0F60DE05-1882-4ECF-9CFA-BC8FE87E59BD}"
EndProject
Project("{9A19103F-16F7-4668-BE54-9A1E7A4F7556}") = "Tapanga.CommandLine", "Tapanga.CommandLine\Tapanga.CommandLine.csproj", "{21EE6185-E535-476E-B537-DBB444002C36}"
EndProject
Global
	GlobalSection(SolutionConfigurationPlatforms) = preSolution
		Debug|Any CPU = Debug|Any CPU
		Release|Any CPU = Release|Any CPU
	EndGlobalSection
	GlobalSection(ProjectConfigurationPlatforms) = postSolution
		{D3057DDE-5158-40FC-85DF-C6C13CA59D79}.Debug|Any CPU.ActiveCfg = Debug|Any CPU
		{D3057DDE-5158-40FC-85DF-C6C13CA59D79}.Debug|Any CPU.Build.0 = Debug|Any CPU
		{D3057DDE-5158-40FC-85DF-C6C13CA59D79}.Release|Any CPU.ActiveCfg = Release|Any CPU
		{D3057DDE-5158-40FC-85DF-C6C13CA59D79}.Release|Any CPU.Build.0 = Release|Any CPU
		{BD132F80-A70C-41D2-9C6F-C91509BC63BC}.Debug|Any CPU.ActiveCfg = Debug|Any CPU
		{BD132F80-A70C-41D2-9C6F-C91509BC63BC}.Debug|Any CPU.Build.0 = Debug|Any CPU
		{BD132F80-A70C-41D2-9C6F-C91509BC63BC}.Release|Any CPU.ActiveCfg = Release|Any CPU
		{BD132F80-A70C-41D2-9C6F-C91509BC63BC}.Release|Any CPU.Build.0 = Release|Any CPU
		{0F60DE05-1882-4ECF-9CFA-BC8FE87E59BD}.Debug|Any CPU.ActiveCfg = Debug|Any CPU
		{0F60DE05-1882-4ECF-9CFA-BC8FE87E59BD}.Debug|Any CPU.Build.0 = Debug|Any CPU
		{0F60DE05-1882-4ECF-9CFA-BC8FE87E59BD}.Release|Any CPU.ActiveCfg = Release|Any CPU
		{0F60DE05-1882-4ECF-9CFA-BC8FE87E59BD}.Release|Any CPU.Build.0 = Release|Any CPU
		{21EE6185-E535-476E-B537-DBB444002C36}.Debug|Any CPU.ActiveCfg = Debug|Any CPU
		{21EE6185-E535-476E-B537-DBB444002C36}.Debug|Any CPU.Build.0 = Debug|Any CPU
		{21EE6185-E535-476E-B537-DBB444002C36}.Release|Any CPU.ActiveCfg = Release|Any CPU
		{21EE6185-E535-476E-B537-DBB444002C36}.Release|Any CPU.Build.0 = Release|Any CPU
	EndGlobalSection
	GlobalSection(SolutionProperties) = preSolution
		HideSolutionNode = FALSE
	EndGlobalSection
	GlobalSection(ExtensibilityGlobals) = postSolution
		SolutionGuid = {FC54112C-A972-461F-A2E4-6C955F065DC3}
	EndGlobalSection
EndGlobal
